schema_version=2
locked_at=2026-08-06T00:00:00+08:00
migration_source_repository=workspace://cpu
migration_source_commit=70e009e6b79386916e72680e29485e175bf9bbd2
migration_source_tree=spinal
migration_published_rtl_sha256=4968c5131a7fdf937286b0d7eacfe41a9d9d42e25bed89b89bf2e45f9d770839

chiplab_repo=https://gitee.com/loongson-edu/chiplab.git
chiplab_branch=nscscc2026
chiplab_version=Finals
chiplab_mycpu_gitlink=aa3bde1f3e720e71c2c78d6b81930d797b810149

vivado=2023.2
vivado_edition=ML Standard
vivado_build=4029153
vivado_host=wsl
scala=2.13.16
sbt=1.10.11
spinalhdl=1.14.2
scalatest=3.2.19
scala_cache_dir=scala-cache-sbt1.10.11-spinal1.14.2
scala_dependency_lock_sha256=0a5b155ce209d52cb12f24006be105b498796c7a6906c1981093c935fc4aa51d

jdk=17.0.19+10
jdk_package=openjdk-17-jdk-headless_17.0.19+10-1~24.04.2_amd64.deb
jdk_package_url=http://archive.ubuntu.com/ubuntu/pool/main/o/openjdk-17/openjdk-17-jdk-headless_17.0.19+10-1~24.04.2_amd64.deb
jdk_package_sha256=dcdeb373cc2b174e7b6ae64a9af14c1494e29a9a5b8a01523a57c9b89ea47de1

verilator=5.020
verilator_package=verilator_5.020-1_amd64.deb
verilator_package_url=http://archive.ubuntu.com/ubuntu/pool/universe/v/verilator/verilator_5.020-1_amd64.deb
verilator_package_sha256=bb74ca8c32c73eb903ee91da64c8b58cfbe095c229967a95782108afb67bb3ca

yosys=0.33
yosys_package=yosys_0.33-5build2_amd64.deb
yosys_package_url=http://archive.ubuntu.com/ubuntu/pool/universe/y/yosys/yosys_0.33-5build2_amd64.deb
yosys_package_sha256=94247f2157ec6ce63c6638326e419975d911ace5356b3dc276d1d8b36659efbd

la32r_gcc=8.3.0-la32-v2.0-20230903
la32r_gcc_asset=loongson-gnu-toolchain-8.3-x86_64-loongarch32r-linux-gnusf-v2.0.tar.xz
la32r_gcc_url=https://gitee.com/loongson-edu/la32r-toolchains/releases/download/v0.0.3/loongson-gnu-toolchain-8.3-x86_64-loongarch32r-linux-gnusf-v2.0.tar.xz
la32r_gcc_sha256=64856b06a2793863aa60104ef91ad04c7ba99c0de57928ceab7d31dd884ce647
gcc_binary_sha256=f29812336f8f0cedfd55a56f834ec9a88178d3bfb31fd67e105342aa8ed2ef7c
as_binary_sha256=fbdb9c0a2fc8038b592636b012f578a9e87b5c3264a8ab2f12a08b64a7e09409
ld_binary_sha256=c5b83d2ef6761d0ffffcfe7bf71145c8abcc2eae185812dd2b23113df8a50a35
gcc_cc1_sha256=a7379e4bfb5dff237d59f1606aeac04cb8a1b82697cb89b8efbb69b237775b8c
gcc_collect2_sha256=ff8603a2b7e1e225f71d95df3e31d47f203709842f571c07a4d348d08710c961

nemu=v1.0.5-x86
nemu_asset=la32r-nemu-interpreter-so
nemu_url=https://gitee.com/wwt_panache/la32r-nemu/releases/download/v1.0.5-x86/la32r-nemu-interpreter-so
nemu_sha256=3fa8ddd5c1b11d378caade5a6ab2b428c669c14d0925e2c79e155a767a995a89
nemu_binary_sha256=3fa8ddd5c1b11d378caade5a6ab2b428c669c14d0925e2c79e155a767a995a89

picolibc=1.8.6-v1.1
picolibc_asset=picolibc.tar.gz
picolibc_url=https://gitee.com/ffshff/la32r-picolibc/releases/download/v1.1/picolibc.tar.gz
picolibc_sha256=3598c92d714277e83e27b3587195f5343c7ee17c309d5824689214bed2f24063
picolibc_libc_sha256=2a601edbbca47f45cacc860b6314072e1c5738ea05dcc1b58f89a65fd743f0c5

qemu=v0.0.2
qemu_asset=la32r-QEMU-x86_64-ubuntu-22.04.tar
qemu_url=https://gitee.com/loongson-edu/la32r-QEMU/releases/download/v0.0.2/la32r-QEMU-x86_64-ubuntu-22.04.tar
qemu_sha256=36d1bec147e18c8f16c1aacccce67dd1718cf71d7cd8303056231f669d27621a
qemu_binary_sha256=a21bba8032e132ca447261415b6f13ac71ebf53f94a2369c5921f51a00a06758

sbt_asset=sbt-1.10.11.tgz
sbt_url=https://github.com/sbt/sbt/releases/download/v1.10.11/sbt-1.10.11.tgz
sbt_sha256=5034a64841b8a9cfb52a341e45b01df2b8c2ffaa87d8d2b0fe33c4cdcabd8f0c
sbt_script_sha256=b9732e3e9673acf5e7c8e604dd50f7d2ca719c91b47c33f4af42fdaf1dedaf02
sbt_launch_jar_sha256=e988d533a020e5b60ec22c3b5df4cd3e3df465f4fdc3951c63036e21483978e4

verilator_binary_sha256=4c6292ab82e57b7f34ab26dbae86ba9c494bacfb088b6ff34be93c553d1301b1
verilator_engine_sha256=25f33046f0055a6982c67cdc55081685a844abb50d044cfda087bd418db9be6c
verilator_runtime_sha256=b784038c3cf821588ff4576653b540355889c0621bc258d1b349c29a63836c35
verilator_include_tree_sha256=dfb993c4f8716c12b4a4bdf489bd0cee66ca9cf01e07e95e95a462e95d5e8b82
yosys_binary_sha256=88c0a12bb814a1a8716b1ae10b482e35d3005ed558e1f5f626b3dc983ea3abd0
java_binary_sha256=c0a86c03d2acbe2f389d5198142309f8e61db0c498920893977a494c4e9fd69b
jdk_modules_sha256=2d9de349be2aaa70adf53f78a88b8ca9bff70e910795655022808b4f61cbdc15
jdk_include_tree_sha256=179fd5ec60cc403fa79ac4874d66d13256c04c0ba04c2971fd727111a7966490
jdk_lib_tree_sha256=c0e924679eeabef422bfd83774e15d2e560d3125ca54d9d78428f40551a8b434
gpp_binary_sha256=1353e9bdd29a7295c7226bf6c63abccce056d8cac31f112e5cdbecc3f28c2769
make_binary_sha256=d78b8f1d099fbcfb6f2f49ab87223b9b68fb3956642f92d6ec6de812e8afa965
perl_binary_sha256=56e5ea41974eb1eff0f7ea64677578b1938053d29818c2810bcb21e2ca68cafa
sh_binary_sha256=86d31f6fb799e91fa21bad341484564510ca287703a16e9e46c53338776f4f42
host_ld_binary_sha256=e46a122cc3a29feba3b1d0fc2a274b6e46538be016ebe381370c0801bb98b0b8
host_ar_binary_sha256=534681ac11c18868cfc4fdf98770aa0ba8973eedc90c231e94e6ba96e1a04f27
python=3.12.3
python_binary_sha256=1643dacd9feaedc58f3cc581e4d22577dfe25c09b10282936186ccf0f2e61118
