schema_version=1

verilator_version=5.020
verilator_profile=host_source_build
verilator_prefix=tools/.local/verilator/5.020
verilator_launcher_sha256=59a001ed47f9cccfa1b13acb503708f627b65f523667bdbaddbae9db7b8252b1
verilator_backend_sha256=e797e5143f623d3d5a5776e7a5ab1b483ff71e4eb26d73dd7a404c6a9dbee8e7

sbt_version=1.10.11
sbt_cache=tools/.local/sbt
sbt_launcher_sha256=e988d533a020e5b60ec22c3b5df4cd3e3df465f4fdc3951c63036e21483978e4

glab_version=1.111.0
glab_prefix=tools/.local/glab/1.111.0
glab_binary_sha256=3f9e22239dcdc64a89e2d6fa40cb2e7adcfbfa04e0785195836150b302a7e70f

locked_gate_image=nscscc-local-gates:ubuntu24.04-v1
locked_gate_profile=ubuntu_24_04_packages
locked_gate_verilator_version=5.020
locked_gate_yosys_version=0.33
